// !$*UTF8*$!
{
	archiveVersion = 1;
	classes = {
	};
	objectVersion = 46;
	objects = {

/* Begin PBXBuildFile section */
		62E222CE19CE3AA900F06C8E /* main.m in Sources */ = {isa = PBXBuildFile; fileRef = 62E222CD19CE3AA900F06C8E /* main.m */; };
		62E222D119CE3AA900F06C8E /* AppDelegate.m in Sources */ = {isa = PBXBuildFile; fileRef = 62E222D019CE3AA900F06C8E /* AppDelegate.m */; };
		62E222D319CE3AA900F06C8E /* Images.xcassets in Resources */ = {isa = PBXBuildFile; fileRef = 62E222D219CE3AA900F06C8E /* Images.xcassets */; };
		62E222D619CE3AA900F06C8E /* MainMenu.xib in Resources */ = {isa = PBXBuildFile; fileRef = 62E222D419CE3AA900F06C8E /* MainMenu.xib */; };
		62E222E219CE3AA900F06C8E /* BonjourPublisherTests.m in Sources */ = {isa = PBXBuildFile; fileRef = 62E222E119CE3AA900F06C8E /* BonjourPublisherTests.m */; };
/* End PBXBuildFile section */

/* Begin PBXContainerItemProxy section */
		62E222DC19CE3AA900F06C8E /* PBXContainerItemProxy */ = {
			isa = PBXContainerItemProxy;
			containerPortal = 62E222C019CE3AA900F06C8E /* Project object */;
			proxyType = 1;
			remoteGlobalIDString = 62E222C719CE3AA900F06C8E;
			remoteInfo = BonjourPublisher;
		};
/* End PBXContainerItemProxy section */

/* Begin PBXFileReference section */
		62E222C819CE3AA900F06C8E /* BonjourPublisher.app */ = {isa = PBXFileReference; explicitFileType = wrapper.application; includeInIndex = 0; path = BonjourPublisher.app; sourceTree = BUILT_PRODUCTS_DIR; };
		62E222CC19CE3AA900F06C8E /* Info.plist */ = {isa = PBXFileReference; lastKnownFileType = text.plist.xml; path = Info.plist; sourceTree = "<group>"; };
		62E222CD19CE3AA900F06C8E /* main.m */ = {isa = PBXFileReference; lastKnownFileType = sourcecode.c.objc; path = main.m; sourceTree = "<group>"; };
		62E222CF19CE3AA900F06C8E /* AppDelegate.h */ = {isa = PBXFileReference; lastKnownFileType = sourcecode.c.h; path = AppDelegate.h; sourceTree = "<group>"; };
		62E222D019CE3AA900F06C8E /* AppDelegate.m */ = {isa = PBXFileReference; lastKnownFileType = sourcecode.c.objc; path = AppDelegate.m; sourceTree = "<group>"; };
		62E222D219CE3AA900F06C8E /* Images.xcassets */ = {isa = PBXFileReference; lastKnownFileType = folder.assetcatalog; path = Images.xcassets; sourceTree = "<group>"; };
		62E222D519CE3AA900F06C8E /* Base */ = {isa = PBXFileReference; lastKnownFileType = file.xib; name = Base; path = Base.lproj/MainMenu.xib; sourceTree = "<group>"; };
		62E222DB19CE3AA900F06C8E /* BonjourPublisherTests.xctest */ = {isa = PBXFileReference; explicitFileType = wrapper.cfbundle; includeInIndex = 0; path = BonjourPublisherTests.xctest; sourceTree = BUILT_PRODUCTS_DIR; };
		62E222E019CE3AA900F06C8E /* Info.plist */ = {isa = PBXFileReference; lastKnownFileType = text.plist.xml; path = Info.plist; sourceTree = "<group>"; };
		62E222E119CE3AA900F06C8E /* BonjourPublisherTests.m */ = {isa = PBXFileReference; lastKnownFileType = sourcecode.c.objc; path = BonjourPublisherTests.m; sourceTree = "<group>"; };
/* End PBXFileReference section */

/* Begin PBXFrameworksBuildPhase section */
		62E222C519CE3AA900F06C8E /* Frameworks */ = {
			isa = PBXFrameworksBuildPhase;
			buildActionMask = 2147483647;
			files = (
			);
			runOnlyForDeploymentPostprocessing = 0;
		};
		62E222D819CE3AA900F06C8E /* Frameworks */ = {
			isa = PBXFrameworksBuildPhase;
			buildActionMask = 2147483647;
			files = (
			);
			runOnlyForDeploymentPostprocessing = 0;
		};
/* End PBXFrameworksBuildPhase section */

/* Begin PBXGroup section */
		62E222BF19CE3AA900F06C8E = {
			isa = PBXGroup;
			children = (
				62E222CA19CE3AA900F06C8E /* BonjourPublisher */,
				62E222DE19CE3AA900F06C8E /* BonjourPublisherTests */,
				62E222C919CE3AA900F06C8E /* Products */,
			);
			sourceTree = "<group>";
		};
		62E222C919CE3AA900F06C8E /* Products */ = {
			isa = PBXGroup;
			children = (
				62E222C819CE3AA900F06C8E /* BonjourPublisher.app */,
				62E222DB19CE3AA900F06C8E /* BonjourPublisherTests.xctest */,
			);
			name = Products;
			sourceTree = "<group>";
		};
		62E222CA19CE3AA900F06C8E /* BonjourPublisher */ = {
			isa = PBXGroup;
			children = (
				62E222CF19CE3AA900F06C8E /* AppDelegate.h */,
				62E222D019CE3AA900F06C8E /* AppDelegate.m */,
				62E222D219CE3AA900F06C8E /* Images.xcassets */,
				62E222D419CE3AA900F06C8E /* MainMenu.xib */,
				62E222CB19CE3AA900F06C8E /* Supporting Files */,
			);
			path = BonjourPublisher;
			sourceTree = "<group>";
		};
		62E222CB19CE3AA900F06C8E /* Supporting Files */ = {
			isa = PBXGroup;
			children = (
				62E222CC19CE3AA900F06C8E /* Info.plist */,
				62E222CD19CE3AA900F06C8E /* main.m */,
			);
			name = "Supporting Files";
			sourceTree = "<group>";
		};
		62E222DE19CE3AA900F06C8E /* BonjourPublisherTests */ = {
			isa = PBXGroup;
			children = (
				62E222E119CE3AA900F06C8E /* BonjourPublisherTests.m */,
				62E222DF19CE3AA900F06C8E /* Supporting Files */,
			);
			path = BonjourPublisherTests;
			sourceTree = "<group>";
		};
		62E222DF19CE3AA900F06C8E /* Supporting Files */ = {
			isa = PBXGroup;
			children = (
				62E222E019CE3AA900F06C8E /* Info.plist */,
			);
			name = "Supporting Files";
			sourceTree = "<group>";
		};
/* End PBXGroup section */

/* Begin PBXNativeTarget section */
		62E222C719CE3AA900F06C8E /* BonjourPublisher */ = {
			isa = PBXNativeTarget;
			buildConfigurationList = 62E222E519CE3AA900F06C8E /* Build configuration list for PBXNativeTarget "BonjourPublisher" */;
			buildPhases = (
				62E222C419CE3AA900F06C8E /* Sources */,
				62E222C519CE3AA900F06C8E /* Frameworks */,
				62E222C619CE3AA900F06C8E /* Resources */,
			);
			buildRules = (
			);
			dependencies = (
			);
			name = BonjourPublisher;
			productName = BonjourPublisher;
			productReference = 62E222C819CE3AA900F06C8E /* BonjourPublisher.app */;
			productType = "com.apple.product-type.application";
		};
		62E222DA19CE3AA900F06C8E /* BonjourPublisherTests */ = {
			isa = PBXNativeTarget;
			buildConfigurationList = 62E222E819CE3AA900F06C8E /* Build configuration list for PBXNativeTarget "BonjourPublisherTests" */;
			buildPhases = (
				62E222D719CE3AA900F06C8E /* Sources */,
				62E222D819CE3AA900F06C8E /* Frameworks */,
				62E222D919CE3AA900F06C8E /* Resources */,
			);
			buildRules = (
			);
			dependencies = (
				62E222DD19CE3AA900F06C8E /* PBXTargetDependency */,
			);
			name = BonjourPublisherTests;
			productName = BonjourPublisherTests;
			productReference = 62E222DB19CE3AA900F06C8E /* BonjourPublisherTests.xctest */;
			productType = "com.apple.product-type.bundle.unit-test";
		};
/* End PBXNativeTarget section */

/* Begin PBXProject section */
		62E222C019CE3AA900F06C8E /* Project object */ = {
			isa = PBXProject;
			attributes = {
				LastUpgradeCheck = 0600;
				ORGANIZATIONNAME = teatracks;
				TargetAttributes = {
					62E222C719CE3AA900F06C8E = {
						CreatedOnToolsVersion = 6.0.1;
					};
					62E222DA19CE3AA900F06C8E = {
						CreatedOnToolsVersion = 6.0.1;
						TestTargetID = 62E222C719CE3AA900F06C8E;
					};
				};
			};
			buildConfigurationList = 62E222C319CE3AA900F06C8E /* Build configuration list for PBXProject "BonjourPublisher" */;
			compatibilityVersion = "Xcode 3.2";
			developmentRegion = English;
			hasScannedForEncodings = 0;
			knownRegions = (
				en,
				Base,
			);
			mainGroup = 62E222BF19CE3AA900F06C8E;
			productRefGroup = 62E222C919CE3AA900F06C8E /* Products */;
			projectDirPath = "";
			projectRoot = "";
			targets = (
				62E222C719CE3AA900F06C8E /* BonjourPublisher */,
				62E222DA19CE3AA900F06C8E /* BonjourPublisherTests */,
			);
		};
/* End PBXProject section */

/* Begin PBXResourcesBuildPhase section */
		62E222C619CE3AA900F06C8E /* Resources */ = {
			isa = PBXResourcesBuildPhase;
			buildActionMask = 2147483647;
			files = (
				62E222D319CE3AA900F06C8E /* Images.xcassets in Resources */,
				62E222D619CE3AA900F06C8E /* MainMenu.xib in Resources */,
			);
			runOnlyForDeploymentPostprocessing = 0;
		};
		62E222D919CE3AA900F06C8E /* Resources */ = {
			isa = PBXResourcesBuildPhase;
			buildActionMask = 2147483647;
			files = (
			);
			runOnlyForDeploymentPostprocessing = 0;
		};
/* End PBXResourcesBuildPhase section */

/* Begin PBXSourcesBuildPhase section */
		62E222C419CE3AA900F06C8E /* Sources */ = {
			isa = PBXSourcesBuildPhase;
			buildActionMask = 2147483647;
			files = (
				62E222D119CE3AA900F06C8E /* AppDelegate.m in Sources */,
				62E222CE19CE3AA900F06C8E /* main.m in Sources */,
			);
			runOnlyForDeploymentPostprocessing = 0;
		};
		62E222D719CE3AA900F06C8E /* Sources */ = {
			isa = PBXSourcesBuildPhase;
			buildActionMask = 2147483647;
			files = (
				62E222E219CE3AA900F06C8E /* BonjourPublisherTests.m in Sources */,
			);
			runOnlyForDeploymentPostprocessing = 0;
		};
/* End PBXSourcesBuildPhase section */

/* Begin PBXTargetDependency section */
		62E222DD19CE3AA900F06C8E /* PBXTargetDependency */ = {
			isa = PBXTargetDependency;
			target = 62E222C719CE3AA900F06C8E /* BonjourPublisher */;
			targetProxy = 62E222DC19CE3AA900F06C8E /* PBXContainerItemProxy */;
		};
/* End PBXTargetDependency section */

/* Begin PBXVariantGroup section */
		62E222D419CE3AA900F06C8E /* MainMenu.xib */ = {
			isa = PBXVariantGroup;
			children = (
				62E222D519CE3AA900F06C8E /* Base */,
			);
			name = MainMenu.xib;
			sourceTree = "<group>";
		};
/* End PBXVariantGroup section */

/* Begin XCBuildConfiguration section */
		62E222E319CE3AA900F06C8E /* Debug */ = {
			isa = XCBuildConfiguration;
			buildSettings = {
				ALWAYS_SEARCH_USER_PATHS = NO;
				CLANG_CXX_LANGUAGE_STANDARD = "gnu++0x";
				CLANG_CXX_LIBRARY = "libc++";
				CLANG_ENABLE_MODULES = YES;
				CLANG_ENABLE_OBJC_ARC = YES;
				CLANG_WARN_BOOL_CONVERSION = YES;
				CLANG_WARN_CONSTANT_CONVERSION = YES;
				CLANG_WARN_DIRECT_OBJC_ISA_USAGE = YES_ERROR;
				CLANG_WARN_EMPTY_BODY = YES;
				CLANG_WARN_ENUM_CONVERSION = YES;
				CLANG_WARN_INT_CONVERSION = YES;
				CLANG_WARN_OBJC_ROOT_CLASS = YES_ERROR;
				CLANG_WARN_UNREACHABLE_CODE = YES;
				CLANG_WARN__DUPLICATE_METHOD_MATCH = YES;
				CODE_SIGN_IDENTITY = "-";
				COPY_PHASE_STRIP = NO;
				ENABLE_STRICT_OBJC_MSGSEND = YES;
				GCC_C_LANGUAGE_STANDARD = gnu99;
				GCC_DYNAMIC_NO_PIC = NO;
				GCC_OPTIMIZATION_LEVEL = 0;
				GCC_PREPROCESSOR_DEFINITIONS = (
					"DEBUG=1",
					"$(inherited)",
				);
				GCC_SYMBOLS_PRIVATE_EXTERN = NO;
				GCC_WARN_64_TO_32_BIT_CONVERSION = YES;
				GCC_WARN_ABOUT_RETURN_TYPE = YES_ERROR;
				GCC_WARN_UNDECLARED_SELECTOR = YES;
				GCC_WARN_UNINITIALIZED_AUTOS = YES_AGGRESSIVE;
				GCC_WARN_UNUSED_FUNCTION = YES;
				GCC_WARN_UNUSED_VARIABLE = YES;
				MACOSX_DEPLOYMENT_TARGET = 10.9;
				MTL_ENABLE_DEBUG_INFO = YES;
				ONLY_ACTIVE_ARCH = YES;
				SDKROOT = macosx;
			};
			name = Debug;
		};
		62E222E419CE3AA900F06C8E /* Release */ = {
			isa = XCBuildConfiguration;
			buildSettings = {
				ALWAYS_SEARCH_USER_PATHS = NO;
				CLANG_CXX_LANGUAGE_STANDARD = "gnu++0x";
				CLANG_CXX_LIBRARY = "libc++";
				CLANG_ENABLE_MODULES = YES;
				CLANG_ENABLE_OBJC_ARC = YES;
				CLANG_WARN_BOOL_CONVERSION = YES;
				CLANG_WARN_CONSTANT_CONVERSION = YES;
				CLANG_WARN_DIRECT_OBJC_ISA_USAGE = YES_ERROR;
				CLANG_WARN_EMPTY_BODY = YES;
				CLANG_WARN_ENUM_CONVERSION = YES;
				CLANG_WARN_INT_CONVERSION = YES;
				CLANG_WARN_OBJC_ROOT_CLASS = YES_ERROR;
				CLANG_WARN_UNREACHABLE_CODE = YES;
				CLANG_WARN__DUPLICATE_METHOD_MATCH = YES;
				CODE_SIGN_IDENTITY = "-";
				COPY_PHASE_STRIP = YES;
				DEBUG_INFORMATION_FORMAT = "dwarf-with-dsym";
				ENABLE_NS_ASSERTIONS = NO;
				ENABLE_STRICT_OBJC_MSGSEND = YES;
				GCC_C_LANGUAGE_STANDARD = gnu99;
				GCC_WARN_64_TO_32_BIT_CONVERSION = YES;
				GCC_WARN_ABOUT_RETURN_TYPE = YES_ERROR;
				GCC_WARN_UNDECLARED_SELECTOR = YES;
				GCC_WARN_UNINITIALIZED_AUTOS = YES_AGGRESSIVE;
				GCC_WARN_UNUSED_FUNCTION = YES;
				GCC_WARN_UNUSED_VARIABLE = YES;
				MACOSX_DEPLOYMENT_TARGET = 10.9;
				MTL_ENABLE_DEBUG_INFO = NO;
				SDKROOT = macosx;
			};
			name = Release;
		};
		62E222E619CE3AA900F06C8E /* Debug */ = {
			isa = XCBuildConfiguration;
			buildSettings = {
				ASSETCATALOG_COMPILER_APPICON_NAME = AppIcon;
				COMBINE_HIDPI_IMAGES = YES;
				INFOPLIST_FILE = BonjourPublisher/Info.plist;
				LD_RUNPATH_SEARCH_PATHS = "$(inherited) @executable_path/../Frameworks";
				PRODUCT_NAME = "$(TARGET_NAME)";
			};
			name = Debug;
		};
		62E222E719CE3AA900F06C8E /* Release */ = {
			isa = XCBuildConfiguration;
			buildSettings = {
				ASSETCATALOG_COMPILER_APPICON_NAME = AppIcon;
				COMBINE_HIDPI_IMAGES = YES;
				INFOPLIST_FILE = BonjourPublisher/Info.plist;
				LD_RUNPATH_SEARCH_PATHS = "$(inherited) @executable_path/../Frameworks";
				PRODUCT_NAME = "$(TARGET_NAME)";
			};
			name = Release;
		};
		62E222E919CE3AA900F06C8E /* Debug */ = {
			isa = XCBuildConfiguration;
			buildSettings = {
				BUNDLE_LOADER = "$(TEST_HOST)";
				COMBINE_HIDPI_IMAGES = YES;
				FRAMEWORK_SEARCH_PATHS = (
					"$(DEVELOPER_FRAMEWORKS_DIR)",
					"$(inherited)",
				);
				GCC_PREPROCESSOR_DEFINITIONS = (
					"DEBUG=1",
					"$(inherited)",
				);
				INFOPLIST_FILE = BonjourPublisherTests/Info.plist;
				LD_RUNPATH_SEARCH_PATHS = "$(inherited) @executable_path/../Frameworks @loader_path/../Frameworks";
				PRODUCT_NAME = "$(TARGET_NAME)";
				TEST_HOST = "$(BUILT_PRODUCTS_DIR)/BonjourPublisher.app/Contents/MacOS/BonjourPublisher";
			};
			name = Debug;
		};
		62E222EA19CE3AA900F06C8E /* Release */ = {
			isa = XCBuildConfiguration;
			buildSettings = {
				BUNDLE_LOADER = "$(TEST_HOST)";
				COMBINE_HIDPI_IMAGES = YES;
				FRAMEWORK_SEARCH_PATHS = (
					"$(DEVELOPER_FRAMEWORKS_DIR)",
					"$(inherited)",
				);
				INFOPLIST_FILE = BonjourPublisherTests/Info.plist;
				LD_RUNPATH_SEARCH_PATHS = "$(inherited) @executable_path/../Frameworks @loader_path/../Frameworks";
				PRODUCT_NAME = "$(TARGET_NAME)";
				TEST_HOST = "$(BUILT_PRODUCTS_DIR)/BonjourPublisher.app/Contents/MacOS/BonjourPublisher";
			};
			name = Release;
		};
/* End XCBuildConfiguration section */

/* Begin XCConfigurationList section */
		62E222C319CE3AA900F06C8E /* Build configuration list for PBXProject "BonjourPublisher" */ = {
			isa = XCConfigurationList;
			buildConfigurations = (
				62E222E319CE3AA900F06C8E /* Debug */,
				62E222E419CE3AA900F06C8E /* Release */,
			);
			defaultConfigurationIsVisible = 0;
			defaultConfigurationName = Release;
		};
		62E222E519CE3AA900F06C8E /* Build configuration list for PBXNativeTarget "BonjourPublisher" */ = {
			isa = XCConfigurationList;
			buildConfigurations = (
				62E222E619CE3AA900F06C8E /* Debug */,
				62E222E719CE3AA900F06C8E /* Release */,
			);
			defaultConfigurationIsVisible = 0;
		};
		62E222E819CE3AA900F06C8E /* Build configuration list for PBXNativeTarget "BonjourPublisherTests" */ = {
			isa = XCConfigurationList;
			buildConfigurations = (
				62E222E919CE3AA900F06C8E /* Debug */,
				62E222EA19CE3AA900F06C8E /* Release */,
			);
			defaultConfigurationIsVisible = 0;
		};
/* End XCConfigurationList section */
	};
	rootObject = 62E222C019CE3AA900F06C8E /* Project object */;
}
